
Microsoft Visual Studio Solution File, Format Version 12.00
# Visual Studio Version 17
VisualStudioVersion = 17.6.33829.357
MinimumVisualStudioVersion = 10.0.40219.1
Project("{FAE04EC0-301F-11D3-BF4B-00C04F79EFBC}") = "WebApiMascotas", "WebApiMascotas\WebApiMascotas.csproj", "{31A8EF8A-FE56-4564-BF23-BDC5DBF00366}"
EndProject
Global
	GlobalSection(SolutionConfigurationPlatforms) = preSolution
		Debug|Any CPU = Debug|Any CPU
		Release|Any CPU = Release|Any CPU
	EndGlobalSection
	GlobalSection(ProjectConfigurationPlatforms) = postSolution
		{31A8EF8A-FE56-4564-BF23-BDC5DBF00366}.Debug|Any CPU.ActiveCfg = Debug|Any CPU
		{31A8EF8A-FE56-4564-BF23-BDC5DBF00366}.Debug|Any CPU.Build.0 = Debug|Any CPU
		{31A8EF8A-FE56-4564-BF23-BDC5DBF00366}.Release|Any CPU.ActiveCfg = Release|Any CPU
		{31A8EF8A-FE56-4564-BF23-BDC5DBF00366}.Release|Any CPU.Build.0 = Release|Any CPU
	EndGlobalSection
	GlobalSection(SolutionProperties) = preSolution
		HideSolutionNode = FALSE
	EndGlobalSection
	GlobalSection(ExtensibilityGlobals) = postSolution
		SolutionGuid = {2F1302A2-9C35-4E20-AA55-2CB2EEC8FFB2}
	EndGlobalSection
EndGlobal
